// !$*UTF8*$!
{
	archiveVersion = 1;
	classes = {
	};
	objectVersion = 50;
	objects = {

/* Begin PBXBuildFile section */
		CF8689A42539957D007820AB /* BerlinClockKataApp.swift in Sources */ = {isa = PBXBuildFile; fileRef = CF8689A32539957D007820AB /* BerlinClockKataApp.swift */; };
		CF8689A62539957D007820AB /* ContentView.swift in Sources */ = {isa = PBXBuildFile; fileRef = CF8689A52539957D007820AB /* ContentView.swift */; };
		CF8689A825399580007820AB /* Assets.xcassets in Resources */ = {isa = PBXBuildFile; fileRef = CF8689A725399580007820AB /* Assets.xcassets */; };
		CF8689AB25399580007820AB /* Preview Assets.xcassets in Resources */ = {isa = PBXBuildFile; fileRef = CF8689AA25399580007820AB /* Preview Assets.xcassets */; };
		CF8689F725399AA4007820AB /* ClockConverter.swift in Sources */ = {isa = PBXBuildFile; fileRef = CF8689F625399AA4007820AB /* ClockConverter.swift */; };
		CF8689FD25399ACD007820AB /* ClockConverterTests.swift in Sources */ = {isa = PBXBuildFile; fileRef = CF8689FC25399ACD007820AB /* ClockConverterTests.swift */; };
		CF868A042539A135007820AB /* ClockViewModel.swift in Sources */ = {isa = PBXBuildFile; fileRef = CF868A032539A135007820AB /* ClockViewModel.swift */; };
		CF868A0A2539A3B0007820AB /* ClockViewModelTests.swift in Sources */ = {isa = PBXBuildFile; fileRef = CF868A092539A3B0007820AB /* ClockViewModelTests.swift */; };
		CF868A0F2539A7C1007820AB /* LampView.swift in Sources */ = {isa = PBXBuildFile; fileRef = CF868A0E2539A7C1007820AB /* LampView.swift */; };
		CF868A152539A826007820AB /* ViewConstants.swift in Sources */ = {isa = PBXBuildFile; fileRef = CF868A142539A826007820AB /* ViewConstants.swift */; };
		CF868A1B2539C009007820AB /* CircularLampView.swift in Sources */ = {isa = PBXBuildFile; fileRef = CF868A1A2539C009007820AB /* CircularLampView.swift */; };
		CF868A232539C281007820AB /* LampRowView.swift in Sources */ = {isa = PBXBuildFile; fileRef = CF868A222539C281007820AB /* LampRowView.swift */; };
/* End PBXBuildFile section */

/* Begin PBXContainerItemProxy section */
		CF8689B225399580007820AB /* PBXContainerItemProxy */ = {
			isa = PBXContainerItemProxy;
			containerPortal = CF8689982539957D007820AB /* Project object */;
			proxyType = 1;
			remoteGlobalIDString = CF86899F2539957D007820AB;
			remoteInfo = BerlinClockKata;
		};
/* End PBXContainerItemProxy section */

/* Begin PBXFileReference section */
		CF8689A02539957D007820AB /* BerlinClockKata.app */ = {isa = PBXFileReference; explicitFileType = wrapper.application; includeInIndex = 0; path = BerlinClockKata.app; sourceTree = BUILT_PRODUCTS_DIR; };
		CF8689A32539957D007820AB /* BerlinClockKataApp.swift */ = {isa = PBXFileReference; lastKnownFileType = sourcecode.swift; path = BerlinClockKataApp.swift; sourceTree = "<group>"; };
		CF8689A52539957D007820AB /* ContentView.swift */ = {isa = PBXFileReference; lastKnownFileType = sourcecode.swift; path = ContentView.swift; sourceTree = "<group>"; };
		CF8689A725399580007820AB /* Assets.xcassets */ = {isa = PBXFileReference; lastKnownFileType = folder.assetcatalog; path = Assets.xcassets; sourceTree = "<group>"; };
		CF8689AA25399580007820AB /* Preview Assets.xcassets */ = {isa = PBXFileReference; lastKnownFileType = folder.assetcatalog; path = "Preview Assets.xcassets"; sourceTree = "<group>"; };
		CF8689AC25399580007820AB /* Info.plist */ = {isa = PBXFileReference; lastKnownFileType = text.plist.xml; path = Info.plist; sourceTree = "<group>"; };
		CF8689B125399580007820AB /* BerlinClockKataTests.xctest */ = {isa = PBXFileReference; explicitFileType = wrapper.cfbundle; includeInIndex = 0; path = BerlinClockKataTests.xctest; sourceTree = BUILT_PRODUCTS_DIR; };
		CF8689B725399580007820AB /* Info.plist */ = {isa = PBXFileReference; lastKnownFileType = text.plist.xml; path = Info.plist; sourceTree = "<group>"; };
		CF8689F625399AA4007820AB /* ClockConverter.swift */ = {isa = PBXFileReference; lastKnownFileType = sourcecode.swift; path = ClockConverter.swift; sourceTree = "<group>"; };
		CF8689FC25399ACD007820AB /* ClockConverterTests.swift */ = {isa = PBXFileReference; lastKnownFileType = sourcecode.swift; path = ClockConverterTests.swift; sourceTree = "<group>"; };
		CF868A032539A135007820AB /* ClockViewModel.swift */ = {isa = PBXFileReference; lastKnownFileType = sourcecode.swift; path = ClockViewModel.swift; sourceTree = "<group>"; };
		CF868A092539A3B0007820AB /* ClockViewModelTests.swift */ = {isa = PBXFileReference; lastKnownFileType = sourcecode.swift; path = ClockViewModelTests.swift; sourceTree = "<group>"; };
		CF868A0E2539A7C1007820AB /* LampView.swift */ = {isa = PBXFileReference; lastKnownFileType = sourcecode.swift; path = LampView.swift; sourceTree = "<group>"; };
		CF868A142539A826007820AB /* ViewConstants.swift */ = {isa = PBXFileReference; lastKnownFileType = sourcecode.swift; path = ViewConstants.swift; sourceTree = "<group>"; };
		CF868A1A2539C009007820AB /* CircularLampView.swift */ = {isa = PBXFileReference; lastKnownFileType = sourcecode.swift; path = CircularLampView.swift; sourceTree = "<group>"; };
		CF868A222539C281007820AB /* LampRowView.swift */ = {isa = PBXFileReference; lastKnownFileType = sourcecode.swift; path = LampRowView.swift; sourceTree = "<group>"; };
/* End PBXFileReference section */

/* Begin PBXFrameworksBuildPhase section */
		CF86899D2539957D007820AB /* Frameworks */ = {
			isa = PBXFrameworksBuildPhase;
			buildActionMask = 2147483647;
			files = (
			);
			runOnlyForDeploymentPostprocessing = 0;
		};
		CF8689AE25399580007820AB /* Frameworks */ = {
			isa = PBXFrameworksBuildPhase;
			buildActionMask = 2147483647;
			files = (
			);
			runOnlyForDeploymentPostprocessing = 0;
		};
/* End PBXFrameworksBuildPhase section */

/* Begin PBXGroup section */
		CF8689972539957D007820AB = {
			isa = PBXGroup;
			children = (
				CF8689A22539957D007820AB /* BerlinClockKata */,
				CF8689B425399580007820AB /* BerlinClockKataTests */,
				CF8689A12539957D007820AB /* Products */,
			);
			sourceTree = "<group>";
		};
		CF8689A12539957D007820AB /* Products */ = {
			isa = PBXGroup;
			children = (
				CF8689A02539957D007820AB /* BerlinClockKata.app */,
				CF8689B125399580007820AB /* BerlinClockKataTests.xctest */,
			);
			name = Products;
			sourceTree = "<group>";
		};
		CF8689A22539957D007820AB /* BerlinClockKata */ = {
			isa = PBXGroup;
			children = (
				CF868A0D2539A79C007820AB /* View */,
				CF868A022539A125007820AB /* ViewModel */,
				CF8689F525399A98007820AB /* Logic */,
				CF8689A32539957D007820AB /* BerlinClockKataApp.swift */,
				CF8689A52539957D007820AB /* ContentView.swift */,
				CF8689A725399580007820AB /* Assets.xcassets */,
				CF8689AC25399580007820AB /* Info.plist */,
				CF8689A925399580007820AB /* Preview Content */,
			);
			path = BerlinClockKata;
			sourceTree = "<group>";
		};
		CF8689A925399580007820AB /* Preview Content */ = {
			isa = PBXGroup;
			children = (
				CF8689AA25399580007820AB /* Preview Assets.xcassets */,
			);
			path = "Preview Content";
			sourceTree = "<group>";
		};
		CF8689B425399580007820AB /* BerlinClockKataTests */ = {
			isa = PBXGroup;
			children = (
				CF8689B725399580007820AB /* Info.plist */,
				CF8689FC25399ACD007820AB /* ClockConverterTests.swift */,
				CF868A092539A3B0007820AB /* ClockViewModelTests.swift */,
			);
			path = BerlinClockKataTests;
			sourceTree = "<group>";
		};
		CF8689F525399A98007820AB /* Logic */ = {
			isa = PBXGroup;
			children = (
				CF8689F625399AA4007820AB /* ClockConverter.swift */,
			);
			path = Logic;
			sourceTree = "<group>";
		};
		CF868A022539A125007820AB /* ViewModel */ = {
			isa = PBXGroup;
			children = (
				CF868A032539A135007820AB /* ClockViewModel.swift */,
			);
			path = ViewModel;
			sourceTree = "<group>";
		};
		CF868A0D2539A79C007820AB /* View */ = {
			isa = PBXGroup;
			children = (
				CF868A0E2539A7C1007820AB /* LampView.swift */,
				CF868A142539A826007820AB /* ViewConstants.swift */,
				CF868A1A2539C009007820AB /* CircularLampView.swift */,
				CF868A222539C281007820AB /* LampRowView.swift */,
			);
			path = View;
			sourceTree = "<group>";
		};
/* End PBXGroup section */

/* Begin PBXNativeTarget section */
		CF86899F2539957D007820AB /* BerlinClockKata */ = {
			isa = PBXNativeTarget;
			buildConfigurationList = CF8689C525399580007820AB /* Build configuration list for PBXNativeTarget "BerlinClockKata" */;
			buildPhases = (
				CF86899C2539957D007820AB /* Sources */,
				CF86899D2539957D007820AB /* Frameworks */,
				CF86899E2539957D007820AB /* Resources */,
			);
			buildRules = (
			);
			dependencies = (
			);
			name = BerlinClockKata;
			productName = BerlinClockKata;
			productReference = CF8689A02539957D007820AB /* BerlinClockKata.app */;
			productType = "com.apple.product-type.application";
		};
		CF8689B025399580007820AB /* BerlinClockKataTests */ = {
			isa = PBXNativeTarget;
			buildConfigurationList = CF8689C825399580007820AB /* Build configuration list for PBXNativeTarget "BerlinClockKataTests" */;
			buildPhases = (
				CF8689AD25399580007820AB /* Sources */,
				CF8689AE25399580007820AB /* Frameworks */,
				CF8689AF25399580007820AB /* Resources */,
			);
			buildRules = (
			);
			dependencies = (
				CF8689B325399580007820AB /* PBXTargetDependency */,
			);
			name = BerlinClockKataTests;
			productName = BerlinClockKataTests;
			productReference = CF8689B125399580007820AB /* BerlinClockKataTests.xctest */;
			productType = "com.apple.product-type.bundle.unit-test";
		};
/* End PBXNativeTarget section */

/* Begin PBXProject section */
		CF8689982539957D007820AB /* Project object */ = {
			isa = PBXProject;
			attributes = {
				LastSwiftUpdateCheck = 1200;
				LastUpgradeCheck = 1200;
				TargetAttributes = {
					CF86899F2539957D007820AB = {
						CreatedOnToolsVersion = 12.0.1;
					};
					CF8689B025399580007820AB = {
						CreatedOnToolsVersion = 12.0.1;
						TestTargetID = CF86899F2539957D007820AB;
					};
				};
			};
			buildConfigurationList = CF86899B2539957D007820AB /* Build configuration list for PBXProject "BerlinClockKata" */;
			compatibilityVersion = "Xcode 9.3";
			developmentRegion = en;
			hasScannedForEncodings = 0;
			knownRegions = (
				en,
				Base,
			);
			mainGroup = CF8689972539957D007820AB;
			productRefGroup = CF8689A12539957D007820AB /* Products */;
			projectDirPath = "";
			projectRoot = "";
			targets = (
				CF86899F2539957D007820AB /* BerlinClockKata */,
				CF8689B025399580007820AB /* BerlinClockKataTests */,
			);
		};
/* End PBXProject section */

/* Begin PBXResourcesBuildPhase section */
		CF86899E2539957D007820AB /* Resources */ = {
			isa = PBXResourcesBuildPhase;
			buildActionMask = 2147483647;
			files = (
				CF8689AB25399580007820AB /* Preview Assets.xcassets in Resources */,
				CF8689A825399580007820AB /* Assets.xcassets in Resources */,
			);
			runOnlyForDeploymentPostprocessing = 0;
		};
		CF8689AF25399580007820AB /* Resources */ = {
			isa = PBXResourcesBuildPhase;
			buildActionMask = 2147483647;
			files = (
			);
			runOnlyForDeploymentPostprocessing = 0;
		};
/* End PBXResourcesBuildPhase section */

/* Begin PBXSourcesBuildPhase section */
		CF86899C2539957D007820AB /* Sources */ = {
			isa = PBXSourcesBuildPhase;
			buildActionMask = 2147483647;
			files = (
				CF868A152539A826007820AB /* ViewConstants.swift in Sources */,
				CF868A232539C281007820AB /* LampRowView.swift in Sources */,
				CF8689A62539957D007820AB /* ContentView.swift in Sources */,
				CF868A1B2539C009007820AB /* CircularLampView.swift in Sources */,
				CF8689A42539957D007820AB /* BerlinClockKataApp.swift in Sources */,
				CF868A0F2539A7C1007820AB /* LampView.swift in Sources */,
				CF8689F725399AA4007820AB /* ClockConverter.swift in Sources */,
				CF868A042539A135007820AB /* ClockViewModel.swift in Sources */,
			);
			runOnlyForDeploymentPostprocessing = 0;
		};
		CF8689AD25399580007820AB /* Sources */ = {
			isa = PBXSourcesBuildPhase;
			buildActionMask = 2147483647;
			files = (
				CF8689FD25399ACD007820AB /* ClockConverterTests.swift in Sources */,
				CF868A0A2539A3B0007820AB /* ClockViewModelTests.swift in Sources */,
			);
			runOnlyForDeploymentPostprocessing = 0;
		};
/* End PBXSourcesBuildPhase section */

/* Begin PBXTargetDependency section */
		CF8689B325399580007820AB /* PBXTargetDependency */ = {
			isa = PBXTargetDependency;
			target = CF86899F2539957D007820AB /* BerlinClockKata */;
			targetProxy = CF8689B225399580007820AB /* PBXContainerItemProxy */;
		};
/* End PBXTargetDependency section */

/* Begin XCBuildConfiguration section */
		CF8689C325399580007820AB /* Debug */ = {
			isa = XCBuildConfiguration;
			buildSettings = {
				ALWAYS_SEARCH_USER_PATHS = NO;
				CLANG_ANALYZER_NONNULL = YES;
				CLANG_ANALYZER_NUMBER_OBJECT_CONVERSION = YES_AGGRESSIVE;
				CLANG_CXX_LANGUAGE_STANDARD = "gnu++14";
				CLANG_CXX_LIBRARY = "libc++";
				CLANG_ENABLE_MODULES = YES;
				CLANG_ENABLE_OBJC_ARC = YES;
				CLANG_ENABLE_OBJC_WEAK = YES;
				CLANG_WARN_BLOCK_CAPTURE_AUTORELEASING = YES;
				CLANG_WARN_BOOL_CONVERSION = YES;
				CLANG_WARN_COMMA = YES;
				CLANG_WARN_CONSTANT_CONVERSION = YES;
				CLANG_WARN_DEPRECATED_OBJC_IMPLEMENTATIONS = YES;
				CLANG_WARN_DIRECT_OBJC_ISA_USAGE = YES_ERROR;
				CLANG_WARN_DOCUMENTATION_COMMENTS = YES;
				CLANG_WARN_EMPTY_BODY = YES;
				CLANG_WARN_ENUM_CONVERSION = YES;
				CLANG_WARN_INFINITE_RECURSION = YES;
				CLANG_WARN_INT_CONVERSION = YES;
				CLANG_WARN_NON_LITERAL_NULL_CONVERSION = YES;
				CLANG_WARN_OBJC_IMPLICIT_RETAIN_SELF = YES;
				CLANG_WARN_OBJC_LITERAL_CONVERSION = YES;
				CLANG_WARN_OBJC_ROOT_CLASS = YES_ERROR;
				CLANG_WARN_QUOTED_INCLUDE_IN_FRAMEWORK_HEADER = YES;
				CLANG_WARN_RANGE_LOOP_ANALYSIS = YES;
				CLANG_WARN_STRICT_PROTOTYPES = YES;
				CLANG_WARN_SUSPICIOUS_MOVE = YES;
				CLANG_WARN_UNGUARDED_AVAILABILITY = YES_AGGRESSIVE;
				CLANG_WARN_UNREACHABLE_CODE = YES;
				CLANG_WARN__DUPLICATE_METHOD_MATCH = YES;
				COPY_PHASE_STRIP = NO;
				DEBUG_INFORMATION_FORMAT = dwarf;
				ENABLE_STRICT_OBJC_MSGSEND = YES;
				ENABLE_TESTABILITY = YES;
				GCC_C_LANGUAGE_STANDARD = gnu11;
				GCC_DYNAMIC_NO_PIC = NO;
				GCC_NO_COMMON_BLOCKS = YES;
				GCC_OPTIMIZATION_LEVEL = 0;
				GCC_PREPROCESSOR_DEFINITIONS = (
					"DEBUG=1",
					"$(inherited)",
				);
				GCC_WARN_64_TO_32_BIT_CONVERSION = YES;
				GCC_WARN_ABOUT_RETURN_TYPE = YES_ERROR;
				GCC_WARN_UNDECLARED_SELECTOR = YES;
				GCC_WARN_UNINITIALIZED_AUTOS = YES_AGGRESSIVE;
				GCC_WARN_UNUSED_FUNCTION = YES;
				GCC_WARN_UNUSED_VARIABLE = YES;
				IPHONEOS_DEPLOYMENT_TARGET = 14.0;
				MTL_ENABLE_DEBUG_INFO = INCLUDE_SOURCE;
				MTL_FAST_MATH = YES;
				ONLY_ACTIVE_ARCH = YES;
				SDKROOT = iphoneos;
				SWIFT_ACTIVE_COMPILATION_CONDITIONS = DEBUG;
				SWIFT_OPTIMIZATION_LEVEL = "-Onone";
			};
			name = Debug;
		};
		CF8689C425399580007820AB /* Release */ = {
			isa = XCBuildConfiguration;
			buildSettings = {
				ALWAYS_SEARCH_USER_PATHS = NO;
				CLANG_ANALYZER_NONNULL = YES;
				CLANG_ANALYZER_NUMBER_OBJECT_CONVERSION = YES_AGGRESSIVE;
				CLANG_CXX_LANGUAGE_STANDARD = "gnu++14";
				CLANG_CXX_LIBRARY = "libc++";
				CLANG_ENABLE_MODULES = YES;
				CLANG_ENABLE_OBJC_ARC = YES;
				CLANG_ENABLE_OBJC_WEAK = YES;
				CLANG_WARN_BLOCK_CAPTURE_AUTORELEASING = YES;
				CLANG_WARN_BOOL_CONVERSION = YES;
				CLANG_WARN_COMMA = YES;
				CLANG_WARN_CONSTANT_CONVERSION = YES;
				CLANG_WARN_DEPRECATED_OBJC_IMPLEMENTATIONS = YES;
				CLANG_WARN_DIRECT_OBJC_ISA_USAGE = YES_ERROR;
				CLANG_WARN_DOCUMENTATION_COMMENTS = YES;
				CLANG_WARN_EMPTY_BODY = YES;
				CLANG_WARN_ENUM_CONVERSION = YES;
				CLANG_WARN_INFINITE_RECURSION = YES;
				CLANG_WARN_INT_CONVERSION = YES;
				CLANG_WARN_NON_LITERAL_NULL_CONVERSION = YES;
				CLANG_WARN_OBJC_IMPLICIT_RETAIN_SELF = YES;
				CLANG_WARN_OBJC_LITERAL_CONVERSION = YES;
				CLANG_WARN_OBJC_ROOT_CLASS = YES_ERROR;
				CLANG_WARN_QUOTED_INCLUDE_IN_FRAMEWORK_HEADER = YES;
				CLANG_WARN_RANGE_LOOP_ANALYSIS = YES;
				CLANG_WARN_STRICT_PROTOTYPES = YES;
				CLANG_WARN_SUSPICIOUS_MOVE = YES;
				CLANG_WARN_UNGUARDED_AVAILABILITY = YES_AGGRESSIVE;
				CLANG_WARN_UNREACHABLE_CODE = YES;
				CLANG_WARN__DUPLICATE_METHOD_MATCH = YES;
				COPY_PHASE_STRIP = NO;
				DEBUG_INFORMATION_FORMAT = "dwarf-with-dsym";
				ENABLE_NS_ASSERTIONS = NO;
				ENABLE_STRICT_OBJC_MSGSEND = YES;
				GCC_C_LANGUAGE_STANDARD = gnu11;
				GCC_NO_COMMON_BLOCKS = YES;
				GCC_WARN_64_TO_32_BIT_CONVERSION = YES;
				GCC_WARN_ABOUT_RETURN_TYPE = YES_ERROR;
				GCC_WARN_UNDECLARED_SELECTOR = YES;
				GCC_WARN_UNINITIALIZED_AUTOS = YES_AGGRESSIVE;
				GCC_WARN_UNUSED_FUNCTION = YES;
				GCC_WARN_UNUSED_VARIABLE = YES;
				IPHONEOS_DEPLOYMENT_TARGET = 14.0;
				MTL_ENABLE_DEBUG_INFO = NO;
				MTL_FAST_MATH = YES;
				SDKROOT = iphoneos;
				SWIFT_COMPILATION_MODE = wholemodule;
				SWIFT_OPTIMIZATION_LEVEL = "-O";
				VALIDATE_PRODUCT = YES;
			};
			name = Release;
		};
		CF8689C625399580007820AB /* Debug */ = {
			isa = XCBuildConfiguration;
			buildSettings = {
				ASSETCATALOG_COMPILER_APPICON_NAME = AppIcon;
				ASSETCATALOG_COMPILER_GLOBAL_ACCENT_COLOR_NAME = AccentColor;
				CODE_SIGN_STYLE = Automatic;
				DEVELOPMENT_ASSET_PATHS = "\"BerlinClockKata/Preview Content\"";
				ENABLE_PREVIEWS = YES;
				INFOPLIST_FILE = BerlinClockKata/Info.plist;
				IPHONEOS_DEPLOYMENT_TARGET = 14.0;
				LD_RUNPATH_SEARCH_PATHS = (
					"$(inherited)",
					"@executable_path/Frameworks",
				);
				PRODUCT_BUNDLE_IDENTIFIER = "com.BNP-Paribas.BerlinClockKata";
				PRODUCT_NAME = "$(TARGET_NAME)";
				SWIFT_VERSION = 5.0;
				TARGETED_DEVICE_FAMILY = "1,2";
			};
			name = Debug;
		};
		CF8689C725399580007820AB /* Release */ = {
			isa = XCBuildConfiguration;
			buildSettings = {
				ASSETCATALOG_COMPILER_APPICON_NAME = AppIcon;
				ASSETCATALOG_COMPILER_GLOBAL_ACCENT_COLOR_NAME = AccentColor;
				CODE_SIGN_STYLE = Automatic;
				DEVELOPMENT_ASSET_PATHS = "\"BerlinClockKata/Preview Content\"";
				ENABLE_PREVIEWS = YES;
				INFOPLIST_FILE = BerlinClockKata/Info.plist;
				IPHONEOS_DEPLOYMENT_TARGET = 14.0;
				LD_RUNPATH_SEARCH_PATHS = (
					"$(inherited)",
					"@executable_path/Frameworks",
				);
				PRODUCT_BUNDLE_IDENTIFIER = "com.BNP-Paribas.BerlinClockKata";
				PRODUCT_NAME = "$(TARGET_NAME)";
				SWIFT_VERSION = 5.0;
				TARGETED_DEVICE_FAMILY = "1,2";
			};
			name = Release;
		};
		CF8689C925399580007820AB /* Debug */ = {
			isa = XCBuildConfiguration;
			buildSettings = {
				ALWAYS_EMBED_SWIFT_STANDARD_LIBRARIES = YES;
				BUNDLE_LOADER = "$(TEST_HOST)";
				CODE_SIGN_STYLE = Automatic;
				INFOPLIST_FILE = BerlinClockKataTests/Info.plist;
				IPHONEOS_DEPLOYMENT_TARGET = 14.0;
				LD_RUNPATH_SEARCH_PATHS = (
					"$(inherited)",
					"@executable_path/Frameworks",
					"@loader_path/Frameworks",
				);
				PRODUCT_BUNDLE_IDENTIFIER = "com.BNP-Paribas.BerlinClockKataTests";
				PRODUCT_NAME = "$(TARGET_NAME)";
				SWIFT_VERSION = 5.0;
				TARGETED_DEVICE_FAMILY = "1,2";
				TEST_HOST = "$(BUILT_PRODUCTS_DIR)/BerlinClockKata.app/BerlinClockKata";
			};
			name = Debug;
		};
		CF8689CA25399580007820AB /* Release */ = {
			isa = XCBuildConfiguration;
			buildSettings = {
				ALWAYS_EMBED_SWIFT_STANDARD_LIBRARIES = YES;
				BUNDLE_LOADER = "$(TEST_HOST)";
				CODE_SIGN_STYLE = Automatic;
				INFOPLIST_FILE = BerlinClockKataTests/Info.plist;
				IPHONEOS_DEPLOYMENT_TARGET = 14.0;
				LD_RUNPATH_SEARCH_PATHS = (
					"$(inherited)",
					"@executable_path/Frameworks",
					"@loader_path/Frameworks",
				);
				PRODUCT_BUNDLE_IDENTIFIER = "com.BNP-Paribas.BerlinClockKataTests";
				PRODUCT_NAME = "$(TARGET_NAME)";
				SWIFT_VERSION = 5.0;
				TARGETED_DEVICE_FAMILY = "1,2";
				TEST_HOST = "$(BUILT_PRODUCTS_DIR)/BerlinClockKata.app/BerlinClockKata";
			};
			name = Release;
		};
/* End XCBuildConfiguration section */

/* Begin XCConfigurationList section */
		CF86899B2539957D007820AB /* Build configuration list for PBXProject "BerlinClockKata" */ = {
			isa = XCConfigurationList;
			buildConfigurations = (
				CF8689C325399580007820AB /* Debug */,
				CF8689C425399580007820AB /* Release */,
			);
			defaultConfigurationIsVisible = 0;
			defaultConfigurationName = Release;
		};
		CF8689C525399580007820AB /* Build configuration list for PBXNativeTarget "BerlinClockKata" */ = {
			isa = XCConfigurationList;
			buildConfigurations = (
				CF8689C625399580007820AB /* Debug */,
				CF8689C725399580007820AB /* Release */,
			);
			defaultConfigurationIsVisible = 0;
			defaultConfigurationName = Release;
		};
		CF8689C825399580007820AB /* Build configuration list for PBXNativeTarget "BerlinClockKataTests" */ = {
			isa = XCConfigurationList;
			buildConfigurations = (
				CF8689C925399580007820AB /* Debug */,
				CF8689CA25399580007820AB /* Release */,
			);
			defaultConfigurationIsVisible = 0;
			defaultConfigurationName = Release;
		};
/* End XCConfigurationList section */
	};
	rootObject = CF8689982539957D007820AB /* Project object */;
}
